
Microsoft Visual Studio Solution File, Format Version 12.00
# Visual Studio Version 17
VisualStudioVersion = 17.5.002.0
MinimumVisualStudioVersion = 10.0.40219.1
Project("{9A19103F-16F7-4668-BE54-9A1E7A4F7556}") = "CommissionService", "CommissionService.csproj", "{53714C07-1E87-4F99-A61B-D45A29A79244}"
EndProject
Global
	GlobalSection(SolutionConfigurationPlatforms) = preSolution
		Debug|Any CPU = Debug|Any CPU
		Release|Any CPU = Release|Any CPU
	EndGlobalSection
	GlobalSection(ProjectConfigurationPlatforms) = postSolution
		{53714C07-1E87-4F99-A61B-D45A29A79244}.Debug|Any CPU.ActiveCfg = Debug|Any CPU
		{53714C07-1E87-4F99-A61B-D45A29A79244}.Debug|Any CPU.Build.0 = Debug|Any CPU
		{53714C07-1E87-4F99-A61B-D45A29A79244}.Release|Any CPU.ActiveCfg = Release|Any CPU
		{53714C07-1E87-4F99-A61B-D45A29A79244}.Release|Any CPU.Build.0 = Release|Any CPU
	EndGlobalSection
	GlobalSection(SolutionProperties) = preSolution
		HideSolutionNode = FALSE
	EndGlobalSection
	GlobalSection(ExtensibilityGlobals) = postSolution
		SolutionGuid = {BA146E30-FBE0-432B-9C6A-2E6981EEC5B2}
	EndGlobalSection
EndGlobal
