
Microsoft Visual Studio Solution File, Format Version 12.00
# Visual Studio Version 17
VisualStudioVersion = 17.0.31903.59
MinimumVisualStudioVersion = 10.0.40219.1
Project("{FAE04EC0-301F-11D3-BF4B-00C04F79EFBC}") = "CardService", "CardService\CardService.csproj", "{BB3BF12D-0D31-49A0-A9A7-E14EC1DEBBE8}"
EndProject
Project("{FAE04EC0-301F-11D3-BF4B-00C04F79EFBC}") = "CommissionService", "CommissionService\CommissionService.csproj", "{1FC2184D-CDCE-40E8-BBB6-C22E2CB5A30C}"
EndProject
Project("{FAE04EC0-301F-11D3-BF4B-00C04F79EFBC}") = "LimitService", "LimitService\LimitService.csproj", "{7242E9FF-1833-4EC4-9295-D2E6E4302DE3}"
EndProject
Project("{FAE04EC0-301F-11D3-BF4B-00C04F79EFBC}") = "IbanService", "IbanService\IbanService.csproj", "{20565578-C9A9-444D-BAA7-82EBF1BD538E}"
EndProject
Global
	GlobalSection(SolutionConfigurationPlatforms) = preSolution
		Debug|Any CPU = Debug|Any CPU
		Release|Any CPU = Release|Any CPU
	EndGlobalSection
	GlobalSection(SolutionProperties) = preSolution
		HideSolutionNode = FALSE
	EndGlobalSection
	GlobalSection(ProjectConfigurationPlatforms) = postSolution
		{BB3BF12D-0D31-49A0-A9A7-E14EC1DEBBE8}.Debug|Any CPU.ActiveCfg = Debug|Any CPU
		{BB3BF12D-0D31-49A0-A9A7-E14EC1DEBBE8}.Debug|Any CPU.Build.0 = Debug|Any CPU
		{BB3BF12D-0D31-49A0-A9A7-E14EC1DEBBE8}.Release|Any CPU.ActiveCfg = Release|Any CPU
		{BB3BF12D-0D31-49A0-A9A7-E14EC1DEBBE8}.Release|Any CPU.Build.0 = Release|Any CPU
		{1FC2184D-CDCE-40E8-BBB6-C22E2CB5A30C}.Debug|Any CPU.ActiveCfg = Debug|Any CPU
		{1FC2184D-CDCE-40E8-BBB6-C22E2CB5A30C}.Debug|Any CPU.Build.0 = Debug|Any CPU
		{1FC2184D-CDCE-40E8-BBB6-C22E2CB5A30C}.Release|Any CPU.ActiveCfg = Release|Any CPU
		{1FC2184D-CDCE-40E8-BBB6-C22E2CB5A30C}.Release|Any CPU.Build.0 = Release|Any CPU
		{7242E9FF-1833-4EC4-9295-D2E6E4302DE3}.Debug|Any CPU.ActiveCfg = Debug|Any CPU
		{7242E9FF-1833-4EC4-9295-D2E6E4302DE3}.Debug|Any CPU.Build.0 = Debug|Any CPU
		{7242E9FF-1833-4EC4-9295-D2E6E4302DE3}.Release|Any CPU.ActiveCfg = Release|Any CPU
		{7242E9FF-1833-4EC4-9295-D2E6E4302DE3}.Release|Any CPU.Build.0 = Release|Any CPU
		{20565578-C9A9-444D-BAA7-82EBF1BD538E}.Debug|Any CPU.ActiveCfg = Debug|Any CPU
		{20565578-C9A9-444D-BAA7-82EBF1BD538E}.Debug|Any CPU.Build.0 = Debug|Any CPU
		{20565578-C9A9-444D-BAA7-82EBF1BD538E}.Release|Any CPU.ActiveCfg = Release|Any CPU
		{20565578-C9A9-444D-BAA7-82EBF1BD538E}.Release|Any CPU.Build.0 = Release|Any CPU
	EndGlobalSection
EndGlobal
